// !$*UTF8*$!
{
	archiveVersion = 1;
	classes = {
	};
	objectVersion = 46;
	objects = {

/* Begin PBXBuildFile section */
		EE1589B31E8C667100BF57D0 /* Extensions.swift in Sources */ = {isa = PBXBuildFile; fileRef = EE1589B21E8C667100BF57D0 /* Extensions.swift */; };
		EE1589B91E8C671900BF57D0 /* VideoCell.swift in Sources */ = {isa = PBXBuildFile; fileRef = EE1589B81E8C671900BF57D0 /* VideoCell.swift */; };
		EE1589BB1E8C687800BF57D0 /* MenuBar.swift in Sources */ = {isa = PBXBuildFile; fileRef = EE1589BA1E8C687800BF57D0 /* MenuBar.swift */; };
		EEE8427F1E884FD6002861F3 /* AppDelegate.swift in Sources */ = {isa = PBXBuildFile; fileRef = EEE8427E1E884FD6002861F3 /* AppDelegate.swift */; };
		EEE842811E884FD6002861F3 /* ViewController.swift in Sources */ = {isa = PBXBuildFile; fileRef = EEE842801E884FD6002861F3 /* ViewController.swift */; };
		EEE842841E884FD6002861F3 /* Main.storyboard in Resources */ = {isa = PBXBuildFile; fileRef = EEE842821E884FD6002861F3 /* Main.storyboard */; };
		EEE842861E884FD6002861F3 /* Assets.xcassets in Resources */ = {isa = PBXBuildFile; fileRef = EEE842851E884FD6002861F3 /* Assets.xcassets */; };
		EEE842891E884FD6002861F3 /* LaunchScreen.storyboard in Resources */ = {isa = PBXBuildFile; fileRef = EEE842871E884FD6002861F3 /* LaunchScreen.storyboard */; };
/* End PBXBuildFile section */

/* Begin PBXFileReference section */
		EE1589B21E8C667100BF57D0 /* Extensions.swift */ = {isa = PBXFileReference; fileEncoding = 4; lastKnownFileType = sourcecode.swift; path = Extensions.swift; sourceTree = "<group>"; };
		EE1589B81E8C671900BF57D0 /* VideoCell.swift */ = {isa = PBXFileReference; fileEncoding = 4; lastKnownFileType = sourcecode.swift; path = VideoCell.swift; sourceTree = "<group>"; };
		EE1589BA1E8C687800BF57D0 /* MenuBar.swift */ = {isa = PBXFileReference; fileEncoding = 4; lastKnownFileType = sourcecode.swift; path = MenuBar.swift; sourceTree = "<group>"; };
		EEE8427B1E884FD6002861F3 /* youTubeTest.app */ = {isa = PBXFileReference; explicitFileType = wrapper.application; includeInIndex = 0; path = youTubeTest.app; sourceTree = BUILT_PRODUCTS_DIR; };
		EEE8427E1E884FD6002861F3 /* AppDelegate.swift */ = {isa = PBXFileReference; lastKnownFileType = sourcecode.swift; path = AppDelegate.swift; sourceTree = "<group>"; };
		EEE842801E884FD6002861F3 /* ViewController.swift */ = {isa = PBXFileReference; lastKnownFileType = sourcecode.swift; path = ViewController.swift; sourceTree = "<group>"; };
		EEE842831E884FD6002861F3 /* Base */ = {isa = PBXFileReference; lastKnownFileType = file.storyboard; name = Base; path = Base.lproj/Main.storyboard; sourceTree = "<group>"; };
		EEE842851E884FD6002861F3 /* Assets.xcassets */ = {isa = PBXFileReference; lastKnownFileType = folder.assetcatalog; path = Assets.xcassets; sourceTree = "<group>"; };
		EEE842881E884FD6002861F3 /* Base */ = {isa = PBXFileReference; lastKnownFileType = file.storyboard; name = Base; path = Base.lproj/LaunchScreen.storyboard; sourceTree = "<group>"; };
		EEE8428A1E884FD6002861F3 /* Info.plist */ = {isa = PBXFileReference; lastKnownFileType = text.plist.xml; path = Info.plist; sourceTree = "<group>"; };
/* End PBXFileReference section */

/* Begin PBXFrameworksBuildPhase section */
		EEE842781E884FD6002861F3 /* Frameworks */ = {
			isa = PBXFrameworksBuildPhase;
			buildActionMask = 2147483647;
			files = (
			);
			runOnlyForDeploymentPostprocessing = 0;
		};
/* End PBXFrameworksBuildPhase section */

/* Begin PBXGroup section */
		EE1589B11E8C665D00BF57D0 /* Extensions */ = {
			isa = PBXGroup;
			children = (
				EE1589B21E8C667100BF57D0 /* Extensions.swift */,
			);
			name = Extensions;
			sourceTree = "<group>";
		};
		EE1589B41E8C66EC00BF57D0 /* View */ = {
			isa = PBXGroup;
			children = (
				EE1589B81E8C671900BF57D0 /* VideoCell.swift */,
				EE1589BA1E8C687800BF57D0 /* MenuBar.swift */,
			);
			name = View;
			sourceTree = "<group>";
		};
		EE1589B51E8C66F500BF57D0 /* Controllers */ = {
			isa = PBXGroup;
			children = (
			);
			name = Controllers;
			sourceTree = "<group>";
		};
		EE1589B71E8C670400BF57D0 /* Model */ = {
			isa = PBXGroup;
			children = (
			);
			name = Model;
			sourceTree = "<group>";
		};
		EEE842721E884FD6002861F3 = {
			isa = PBXGroup;
			children = (
				EEE8427D1E884FD6002861F3 /* youTubeTest */,
				EEE8427C1E884FD6002861F3 /* Products */,
			);
			sourceTree = "<group>";
		};
		EEE8427C1E884FD6002861F3 /* Products */ = {
			isa = PBXGroup;
			children = (
				EEE8427B1E884FD6002861F3 /* youTubeTest.app */,
			);
			name = Products;
			sourceTree = "<group>";
		};
		EEE8427D1E884FD6002861F3 /* youTubeTest */ = {
			isa = PBXGroup;
			children = (
				EE1589B71E8C670400BF57D0 /* Model */,
				EE1589B51E8C66F500BF57D0 /* Controllers */,
				EE1589B41E8C66EC00BF57D0 /* View */,
				EE1589B11E8C665D00BF57D0 /* Extensions */,
				EEE8427E1E884FD6002861F3 /* AppDelegate.swift */,
				EEE842801E884FD6002861F3 /* ViewController.swift */,
				EEE842821E884FD6002861F3 /* Main.storyboard */,
				EEE842851E884FD6002861F3 /* Assets.xcassets */,
				EEE842871E884FD6002861F3 /* LaunchScreen.storyboard */,
				EEE8428A1E884FD6002861F3 /* Info.plist */,
			);
			path = youTubeTest;
			sourceTree = "<group>";
		};
/* End PBXGroup section */

/* Begin PBXNativeTarget section */
		EEE8427A1E884FD6002861F3 /* youTubeTest */ = {
			isa = PBXNativeTarget;
			buildConfigurationList = EEE8428D1E884FD6002861F3 /* Build configuration list for PBXNativeTarget "youTubeTest" */;
			buildPhases = (
				EEE842771E884FD6002861F3 /* Sources */,
				EEE842781E884FD6002861F3 /* Frameworks */,
				EEE842791E884FD6002861F3 /* Resources */,
			);
			buildRules = (
			);
			dependencies = (
			);
			name = youTubeTest;
			productName = youTubeTest;
			productReference = EEE8427B1E884FD6002861F3 /* youTubeTest.app */;
			productType = "com.apple.product-type.application";
		};
/* End PBXNativeTarget section */

/* Begin PBXProject section */
		EEE842731E884FD6002861F3 /* Project object */ = {
			isa = PBXProject;
			attributes = {
				LastSwiftUpdateCheck = 0820;
				LastUpgradeCheck = 0820;
				ORGANIZATIONNAME = "Игорь Талов";
				TargetAttributes = {
					EEE8427A1E884FD6002861F3 = {
						CreatedOnToolsVersion = 8.2.1;
						DevelopmentTeam = WJ2494P78F;
						ProvisioningStyle = Automatic;
					};
				};
			};
			buildConfigurationList = EEE842761E884FD6002861F3 /* Build configuration list for PBXProject "youTubeTest" */;
			compatibilityVersion = "Xcode 3.2";
			developmentRegion = English;
			hasScannedForEncodings = 0;
			knownRegions = (
				en,
				Base,
			);
			mainGroup = EEE842721E884FD6002861F3;
			productRefGroup = EEE8427C1E884FD6002861F3 /* Products */;
			projectDirPath = "";
			projectRoot = "";
			targets = (
				EEE8427A1E884FD6002861F3 /* youTubeTest */,
			);
		};
/* End PBXProject section */

/* Begin PBXResourcesBuildPhase section */
		EEE842791E884FD6002861F3 /* Resources */ = {
			isa = PBXResourcesBuildPhase;
			buildActionMask = 2147483647;
			files = (
				EEE842891E884FD6002861F3 /* LaunchScreen.storyboard in Resources */,
				EEE842861E884FD6002861F3 /* Assets.xcassets in Resources */,
				EEE842841E884FD6002861F3 /* Main.storyboard in Resources */,
			);
			runOnlyForDeploymentPostprocessing = 0;
		};
/* End PBXResourcesBuildPhase section */

/* Begin PBXSourcesBuildPhase section */
		EEE842771E884FD6002861F3 /* Sources */ = {
			isa = PBXSourcesBuildPhase;
			buildActionMask = 2147483647;
			files = (
				EEE842811E884FD6002861F3 /* ViewController.swift in Sources */,
				EE1589B91E8C671900BF57D0 /* VideoCell.swift in Sources */,
				EE1589B31E8C667100BF57D0 /* Extensions.swift in Sources */,
				EEE8427F1E884FD6002861F3 /* AppDelegate.swift in Sources */,
				EE1589BB1E8C687800BF57D0 /* MenuBar.swift in Sources */,
			);
			runOnlyForDeploymentPostprocessing = 0;
		};
/* End PBXSourcesBuildPhase section */

/* Begin PBXVariantGroup section */
		EEE842821E884FD6002861F3 /* Main.storyboard */ = {
			isa = PBXVariantGroup;
			children = (
				EEE842831E884FD6002861F3 /* Base */,
			);
			name = Main.storyboard;
			sourceTree = "<group>";
		};
		EEE842871E884FD6002861F3 /* LaunchScreen.storyboard */ = {
			isa = PBXVariantGroup;
			children = (
				EEE842881E884FD6002861F3 /* Base */,
			);
			name = LaunchScreen.storyboard;
			sourceTree = "<group>";
		};
/* End PBXVariantGroup section */

/* Begin XCBuildConfiguration section */
		EEE8428B1E884FD6002861F3 /* Debug */ = {
			isa = XCBuildConfiguration;
			buildSettings = {
				ALWAYS_SEARCH_USER_PATHS = NO;
				CLANG_ANALYZER_NONNULL = YES;
				CLANG_CXX_LANGUAGE_STANDARD = "gnu++0x";
				CLANG_CXX_LIBRARY = "libc++";
				CLANG_ENABLE_MODULES = YES;
				CLANG_ENABLE_OBJC_ARC = YES;
				CLANG_WARN_BOOL_CONVERSION = YES;
				CLANG_WARN_CONSTANT_CONVERSION = YES;
				CLANG_WARN_DIRECT_OBJC_ISA_USAGE = YES_ERROR;
				CLANG_WARN_DOCUMENTATION_COMMENTS = YES;
				CLANG_WARN_EMPTY_BODY = YES;
				CLANG_WARN_ENUM_CONVERSION = YES;
				CLANG_WARN_INFINITE_RECURSION = YES;
				CLANG_WARN_INT_CONVERSION = YES;
				CLANG_WARN_OBJC_ROOT_CLASS = YES_ERROR;
				CLANG_WARN_SUSPICIOUS_MOVE = YES;
				CLANG_WARN_UNREACHABLE_CODE = YES;
				CLANG_WARN__DUPLICATE_METHOD_MATCH = YES;
				"CODE_SIGN_IDENTITY[sdk=iphoneos*]" = "iPhone Developer";
				COPY_PHASE_STRIP = NO;
				DEBUG_INFORMATION_FORMAT = dwarf;
				ENABLE_STRICT_OBJC_MSGSEND = YES;
				ENABLE_TESTABILITY = YES;
				GCC_C_LANGUAGE_STANDARD = gnu99;
				GCC_DYNAMIC_NO_PIC = NO;
				GCC_NO_COMMON_BLOCKS = YES;
				GCC_OPTIMIZATION_LEVEL = 0;
				GCC_PREPROCESSOR_DEFINITIONS = (
					"DEBUG=1",
					"$(inherited)",
				);
				GCC_WARN_64_TO_32_BIT_CONVERSION = YES;
				GCC_WARN_ABOUT_RETURN_TYPE = YES_ERROR;
				GCC_WARN_UNDECLARED_SELECTOR = YES;
				GCC_WARN_UNINITIALIZED_AUTOS = YES_AGGRESSIVE;
				GCC_WARN_UNUSED_FUNCTION = YES;
				GCC_WARN_UNUSED_VARIABLE = YES;
				IPHONEOS_DEPLOYMENT_TARGET = 10.2;
				MTL_ENABLE_DEBUG_INFO = YES;
				ONLY_ACTIVE_ARCH = YES;
				SDKROOT = iphoneos;
				SWIFT_ACTIVE_COMPILATION_CONDITIONS = DEBUG;
				SWIFT_OPTIMIZATION_LEVEL = "-Onone";
				TARGETED_DEVICE_FAMILY = "1,2";
			};
			name = Debug;
		};
		EEE8428C1E884FD6002861F3 /* Release */ = {
			isa = XCBuildConfiguration;
			buildSettings = {
				ALWAYS_SEARCH_USER_PATHS = NO;
				CLANG_ANALYZER_NONNULL = YES;
				CLANG_CXX_LANGUAGE_STANDARD = "gnu++0x";
				CLANG_CXX_LIBRARY = "libc++";
				CLANG_ENABLE_MODULES = YES;
				CLANG_ENABLE_OBJC_ARC = YES;
				CLANG_WARN_BOOL_CONVERSION = YES;
				CLANG_WARN_CONSTANT_CONVERSION = YES;
				CLANG_WARN_DIRECT_OBJC_ISA_USAGE = YES_ERROR;
				CLANG_WARN_DOCUMENTATION_COMMENTS = YES;
				CLANG_WARN_EMPTY_BODY = YES;
				CLANG_WARN_ENUM_CONVERSION = YES;
				CLANG_WARN_INFINITE_RECURSION = YES;
				CLANG_WARN_INT_CONVERSION = YES;
				CLANG_WARN_OBJC_ROOT_CLASS = YES_ERROR;
				CLANG_WARN_SUSPICIOUS_MOVE = YES;
				CLANG_WARN_UNREACHABLE_CODE = YES;
				CLANG_WARN__DUPLICATE_METHOD_MATCH = YES;
				"CODE_SIGN_IDENTITY[sdk=iphoneos*]" = "iPhone Developer";
				COPY_PHASE_STRIP = NO;
				DEBUG_INFORMATION_FORMAT = "dwarf-with-dsym";
				ENABLE_NS_ASSERTIONS = NO;
				ENABLE_STRICT_OBJC_MSGSEND = YES;
				GCC_C_LANGUAGE_STANDARD = gnu99;
				GCC_NO_COMMON_BLOCKS = YES;
				GCC_WARN_64_TO_32_BIT_CONVERSION = YES;
				GCC_WARN_ABOUT_RETURN_TYPE = YES_ERROR;
				GCC_WARN_UNDECLARED_SELECTOR = YES;
				GCC_WARN_UNINITIALIZED_AUTOS = YES_AGGRESSIVE;
				GCC_WARN_UNUSED_FUNCTION = YES;
				GCC_WARN_UNUSED_VARIABLE = YES;
				IPHONEOS_DEPLOYMENT_TARGET = 10.2;
				MTL_ENABLE_DEBUG_INFO = NO;
				SDKROOT = iphoneos;
				SWIFT_OPTIMIZATION_LEVEL = "-Owholemodule";
				TARGETED_DEVICE_FAMILY = "1,2";
				VALIDATE_PRODUCT = YES;
			};
			name = Release;
		};
		EEE8428E1E884FD6002861F3 /* Debug */ = {
			isa = XCBuildConfiguration;
			buildSettings = {
				ASSETCATALOG_COMPILER_APPICON_NAME = AppIcon;
				DEVELOPMENT_TEAM = WJ2494P78F;
				INFOPLIST_FILE = youTubeTest/Info.plist;
				IPHONEOS_DEPLOYMENT_TARGET = 9.0;
				LD_RUNPATH_SEARCH_PATHS = "$(inherited) @executable_path/Frameworks";
				PRODUCT_BUNDLE_IDENTIFIER = com.SealDev.youTubeTest;
				PRODUCT_NAME = "$(TARGET_NAME)";
				SWIFT_VERSION = 3.0;
			};
			name = Debug;
		};
		EEE8428F1E884FD6002861F3 /* Release */ = {
			isa = XCBuildConfiguration;
			buildSettings = {
				ASSETCATALOG_COMPILER_APPICON_NAME = AppIcon;
				DEVELOPMENT_TEAM = WJ2494P78F;
				INFOPLIST_FILE = youTubeTest/Info.plist;
				IPHONEOS_DEPLOYMENT_TARGET = 9.0;
				LD_RUNPATH_SEARCH_PATHS = "$(inherited) @executable_path/Frameworks";
				PRODUCT_BUNDLE_IDENTIFIER = com.SealDev.youTubeTest;
				PRODUCT_NAME = "$(TARGET_NAME)";
				SWIFT_VERSION = 3.0;
			};
			name = Release;
		};
/* End XCBuildConfiguration section */

/* Begin XCConfigurationList section */
		EEE842761E884FD6002861F3 /* Build configuration list for PBXProject "youTubeTest" */ = {
			isa = XCConfigurationList;
			buildConfigurations = (
				EEE8428B1E884FD6002861F3 /* Debug */,
				EEE8428C1E884FD6002861F3 /* Release */,
			);
			defaultConfigurationIsVisible = 0;
			defaultConfigurationName = Release;
		};
		EEE8428D1E884FD6002861F3 /* Build configuration list for PBXNativeTarget "youTubeTest" */ = {
			isa = XCConfigurationList;
			buildConfigurations = (
				EEE8428E1E884FD6002861F3 /* Debug */,
				EEE8428F1E884FD6002861F3 /* Release */,
			);
			defaultConfigurationIsVisible = 0;
			defaultConfigurationName = Release;
		};
/* End XCConfigurationList section */
	};
	rootObject = EEE842731E884FD6002861F3 /* Project object */;
}
